
Microsoft Visual Studio Solution File, Format Version 12.00
# Visual Studio Version 16
VisualStudioVersion = 16.0.31402.337
MinimumVisualStudioVersion = 10.0.40219.1
Project("{FAE04EC0-301F-11D3-BF4B-00C04F79EFBC}") = "ProvaCadastro", "ProvaCadastro.csproj", "{0E2FB70B-11D9-4DDD-B20B-A11F776B7CDA}"
EndProject
Global
	GlobalSection(SolutionConfigurationPlatforms) = preSolution
		Debug|Any CPU = Debug|Any CPU
		Release|Any CPU = Release|Any CPU
	EndGlobalSection
	GlobalSection(ProjectConfigurationPlatforms) = postSolution
		{0E2FB70B-11D9-4DDD-B20B-A11F776B7CDA}.Debug|Any CPU.ActiveCfg = Debug|Any CPU
		{0E2FB70B-11D9-4DDD-B20B-A11F776B7CDA}.Debug|Any CPU.Build.0 = Debug|Any CPU
		{0E2FB70B-11D9-4DDD-B20B-A11F776B7CDA}.Release|Any CPU.ActiveCfg = Release|Any CPU
		{0E2FB70B-11D9-4DDD-B20B-A11F776B7CDA}.Release|Any CPU.Build.0 = Release|Any CPU
	EndGlobalSection
	GlobalSection(SolutionProperties) = preSolution
		HideSolutionNode = FALSE
	EndGlobalSection
	GlobalSection(ExtensibilityGlobals) = postSolution
		SolutionGuid = {EC6C3813-F6FD-4E6D-A9D4-1809B1B172E4}
	EndGlobalSection
EndGlobal
